// !$*UTF8*$!
{
	archiveVersion = 1;
	classes = {
	};
	objectVersion = 46;
	objects = {

/* Begin PBXBuildFile section */
		755054971E2A25F300F17E32 /* PhotoDetailsViewController.swift in Sources */ = {isa = PBXBuildFile; fileRef = 755054961E2A25F300F17E32 /* PhotoDetailsViewController.swift */; };
		75687F881E20FAA300453CFE /* AppDelegate.swift in Sources */ = {isa = PBXBuildFile; fileRef = 75687F871E20FAA300453CFE /* AppDelegate.swift */; };
		75687F8D1E20FAA300453CFE /* Main.storyboard in Resources */ = {isa = PBXBuildFile; fileRef = 75687F8B1E20FAA300453CFE /* Main.storyboard */; };
		75687F8F1E20FAA300453CFE /* Assets.xcassets in Resources */ = {isa = PBXBuildFile; fileRef = 75687F8E1E20FAA300453CFE /* Assets.xcassets */; };
		75687F921E20FAA300453CFE /* LaunchScreen.storyboard in Resources */ = {isa = PBXBuildFile; fileRef = 75687F901E20FAA300453CFE /* LaunchScreen.storyboard */; };
		75687F9A1E20FC7900453CFE /* PhotosViewController.swift in Sources */ = {isa = PBXBuildFile; fileRef = 75687F991E20FC7900453CFE /* PhotosViewController.swift */; };
		75687F9C1E21003000453CFE /* PhotoCell.swift in Sources */ = {isa = PBXBuildFile; fileRef = 75687F9B1E21003000453CFE /* PhotoCell.swift */; };
		C7737A39EC64483B0058F2AE /* Pods_Tumblr.framework in Frameworks */ = {isa = PBXBuildFile; fileRef = 6C31F5E5951C82F7E51F5EEC /* Pods_Tumblr.framework */; };
/* End PBXBuildFile section */

/* Begin PBXFileReference section */
		6C31F5E5951C82F7E51F5EEC /* Pods_Tumblr.framework */ = {isa = PBXFileReference; explicitFileType = wrapper.framework; includeInIndex = 0; path = Pods_Tumblr.framework; sourceTree = BUILT_PRODUCTS_DIR; };
		755054961E2A25F300F17E32 /* PhotoDetailsViewController.swift */ = {isa = PBXFileReference; fileEncoding = 4; lastKnownFileType = sourcecode.swift; path = PhotoDetailsViewController.swift; sourceTree = "<group>"; };
		75687F841E20FAA300453CFE /* Tumblr.app */ = {isa = PBXFileReference; explicitFileType = wrapper.application; includeInIndex = 0; path = Tumblr.app; sourceTree = BUILT_PRODUCTS_DIR; };
		75687F871E20FAA300453CFE /* AppDelegate.swift */ = {isa = PBXFileReference; lastKnownFileType = sourcecode.swift; path = AppDelegate.swift; sourceTree = "<group>"; };
		75687F8C1E20FAA300453CFE /* Base */ = {isa = PBXFileReference; lastKnownFileType = file.storyboard; name = Base; path = Base.lproj/Main.storyboard; sourceTree = "<group>"; };
		75687F8E1E20FAA300453CFE /* Assets.xcassets */ = {isa = PBXFileReference; lastKnownFileType = folder.assetcatalog; path = Assets.xcassets; sourceTree = "<group>"; };
		75687F911E20FAA300453CFE /* Base */ = {isa = PBXFileReference; lastKnownFileType = file.storyboard; name = Base; path = Base.lproj/LaunchScreen.storyboard; sourceTree = "<group>"; };
		75687F931E20FAA300453CFE /* Info.plist */ = {isa = PBXFileReference; lastKnownFileType = text.plist.xml; path = Info.plist; sourceTree = "<group>"; };
		75687F991E20FC7900453CFE /* PhotosViewController.swift */ = {isa = PBXFileReference; fileEncoding = 4; lastKnownFileType = sourcecode.swift; path = PhotosViewController.swift; sourceTree = "<group>"; };
		75687F9B1E21003000453CFE /* PhotoCell.swift */ = {isa = PBXFileReference; fileEncoding = 4; lastKnownFileType = sourcecode.swift; path = PhotoCell.swift; sourceTree = "<group>"; };
		B9D855CC45C79B716EB7868C /* Pods-Tumblr.debug.xcconfig */ = {isa = PBXFileReference; includeInIndex = 1; lastKnownFileType = text.xcconfig; name = "Pods-Tumblr.debug.xcconfig"; path = "Pods/Target Support Files/Pods-Tumblr/Pods-Tumblr.debug.xcconfig"; sourceTree = "<group>"; };
		C3B6DC2461D7BD53425C46D2 /* Pods-Tumblr.release.xcconfig */ = {isa = PBXFileReference; includeInIndex = 1; lastKnownFileType = text.xcconfig; name = "Pods-Tumblr.release.xcconfig"; path = "Pods/Target Support Files/Pods-Tumblr/Pods-Tumblr.release.xcconfig"; sourceTree = "<group>"; };
/* End PBXFileReference section */

/* Begin PBXFrameworksBuildPhase section */
		75687F811E20FAA300453CFE /* Frameworks */ = {
			isa = PBXFrameworksBuildPhase;
			buildActionMask = 2147483647;
			files = (
				C7737A39EC64483B0058F2AE /* Pods_Tumblr.framework in Frameworks */,
			);
			runOnlyForDeploymentPostprocessing = 0;
		};
/* End PBXFrameworksBuildPhase section */

/* Begin PBXGroup section */
		3556939926C9A30C118D222C /* Frameworks */ = {
			isa = PBXGroup;
			children = (
				6C31F5E5951C82F7E51F5EEC /* Pods_Tumblr.framework */,
			);
			name = Frameworks;
			sourceTree = "<group>";
		};
		75687F7B1E20FAA300453CFE = {
			isa = PBXGroup;
			children = (
				75687F861E20FAA300453CFE /* Tumblr */,
				75687F851E20FAA300453CFE /* Products */,
				7795CE901ABB3411B02FF5F4 /* Pods */,
				3556939926C9A30C118D222C /* Frameworks */,
			);
			sourceTree = "<group>";
		};
		75687F851E20FAA300453CFE /* Products */ = {
			isa = PBXGroup;
			children = (
				75687F841E20FAA300453CFE /* Tumblr.app */,
			);
			name = Products;
			sourceTree = "<group>";
		};
		75687F861E20FAA300453CFE /* Tumblr */ = {
			isa = PBXGroup;
			children = (
				75687F9E1E21004C00453CFE /* View Controllers */,
				75687F9D1E21004100453CFE /* Views */,
				75687F871E20FAA300453CFE /* AppDelegate.swift */,
				75687F8B1E20FAA300453CFE /* Main.storyboard */,
				75687F8E1E20FAA300453CFE /* Assets.xcassets */,
				75687F901E20FAA300453CFE /* LaunchScreen.storyboard */,
				75687F931E20FAA300453CFE /* Info.plist */,
			);
			path = Tumblr;
			sourceTree = "<group>";
		};
		75687F9D1E21004100453CFE /* Views */ = {
			isa = PBXGroup;
			children = (
				75687F9B1E21003000453CFE /* PhotoCell.swift */,
			);
			name = Views;
			sourceTree = "<group>";
		};
		75687F9E1E21004C00453CFE /* View Controllers */ = {
			isa = PBXGroup;
			children = (
				75687F991E20FC7900453CFE /* PhotosViewController.swift */,
				755054961E2A25F300F17E32 /* PhotoDetailsViewController.swift */,
			);
			name = "View Controllers";
			sourceTree = "<group>";
		};
		7795CE901ABB3411B02FF5F4 /* Pods */ = {
			isa = PBXGroup;
			children = (
				B9D855CC45C79B716EB7868C /* Pods-Tumblr.debug.xcconfig */,
				C3B6DC2461D7BD53425C46D2 /* Pods-Tumblr.release.xcconfig */,
			);
			name = Pods;
			sourceTree = "<group>";
		};
/* End PBXGroup section */

/* Begin PBXNativeTarget section */
		75687F831E20FAA300453CFE /* Tumblr */ = {
			isa = PBXNativeTarget;
			buildConfigurationList = 75687F961E20FAA300453CFE /* Build configuration list for PBXNativeTarget "Tumblr" */;
			buildPhases = (
				6ED30B322419577E95306B70 /* [CP] Check Pods Manifest.lock */,
				75687F801E20FAA300453CFE /* Sources */,
				75687F811E20FAA300453CFE /* Frameworks */,
				75687F821E20FAA300453CFE /* Resources */,
				29A3A84F1DAC5FA889CEE8D4 /* [CP] Embed Pods Frameworks */,
				606579BC3285F54090A899EE /* [CP] Copy Pods Resources */,
			);
			buildRules = (
			);
			dependencies = (
			);
			name = Tumblr;
			productName = Tumblr;
			productReference = 75687F841E20FAA300453CFE /* Tumblr.app */;
			productType = "com.apple.product-type.application";
		};
/* End PBXNativeTarget section */

/* Begin PBXProject section */
		75687F7C1E20FAA300453CFE /* Project object */ = {
			isa = PBXProject;
			attributes = {
				LastSwiftUpdateCheck = 0820;
				LastUpgradeCheck = 0820;
				ORGANIZATIONNAME = "Richard Du";
				TargetAttributes = {
					75687F831E20FAA300453CFE = {
						CreatedOnToolsVersion = 8.2.1;
						ProvisioningStyle = Automatic;
					};
				};
			};
			buildConfigurationList = 75687F7F1E20FAA300453CFE /* Build configuration list for PBXProject "Tumblr" */;
			compatibilityVersion = "Xcode 3.2";
			developmentRegion = English;
			hasScannedForEncodings = 0;
			knownRegions = (
				en,
				Base,
			);
			mainGroup = 75687F7B1E20FAA300453CFE;
			productRefGroup = 75687F851E20FAA300453CFE /* Products */;
			projectDirPath = "";
			projectRoot = "";
			targets = (
				75687F831E20FAA300453CFE /* Tumblr */,
			);
		};
/* End PBXProject section */

/* Begin PBXResourcesBuildPhase section */
		75687F821E20FAA300453CFE /* Resources */ = {
			isa = PBXResourcesBuildPhase;
			buildActionMask = 2147483647;
			files = (
				75687F921E20FAA300453CFE /* LaunchScreen.storyboard in Resources */,
				75687F8F1E20FAA300453CFE /* Assets.xcassets in Resources */,
				75687F8D1E20FAA300453CFE /* Main.storyboard in Resources */,
			);
			runOnlyForDeploymentPostprocessing = 0;
		};
/* End PBXResourcesBuildPhase section */

/* Begin PBXShellScriptBuildPhase section */
		29A3A84F1DAC5FA889CEE8D4 /* [CP] Embed Pods Frameworks */ = {
			isa = PBXShellScriptBuildPhase;
			buildActionMask = 2147483647;
			files = (
			);
			inputPaths = (
			);
			name = "[CP] Embed Pods Frameworks";
			outputPaths = (
			);
			runOnlyForDeploymentPostprocessing = 0;
			shellPath = /bin/sh;
			shellScript = "\"${SRCROOT}/Pods/Target Support Files/Pods-Tumblr/Pods-Tumblr-frameworks.sh\"\n";
			showEnvVarsInLog = 0;
		};
		606579BC3285F54090A899EE /* [CP] Copy Pods Resources */ = {
			isa = PBXShellScriptBuildPhase;
			buildActionMask = 2147483647;
			files = (
			);
			inputPaths = (
			);
			name = "[CP] Copy Pods Resources";
			outputPaths = (
			);
			runOnlyForDeploymentPostprocessing = 0;
			shellPath = /bin/sh;
			shellScript = "\"${SRCROOT}/Pods/Target Support Files/Pods-Tumblr/Pods-Tumblr-resources.sh\"\n";
			showEnvVarsInLog = 0;
		};
		6ED30B322419577E95306B70 /* [CP] Check Pods Manifest.lock */ = {
			isa = PBXShellScriptBuildPhase;
			buildActionMask = 2147483647;
			files = (
			);
			inputPaths = (
			);
			name = "[CP] Check Pods Manifest.lock";
			outputPaths = (
			);
			runOnlyForDeploymentPostprocessing = 0;
			shellPath = /bin/sh;
			shellScript = "diff \"${PODS_ROOT}/../Podfile.lock\" \"${PODS_ROOT}/Manifest.lock\" > /dev/null\nif [ $? != 0 ] ; then\n    # print error to STDERR\n    echo \"error: The sandbox is not in sync with the Podfile.lock. Run 'pod install' or update your CocoaPods installation.\" >&2\n    exit 1\nfi\n";
			showEnvVarsInLog = 0;
		};
/* End PBXShellScriptBuildPhase section */

/* Begin PBXSourcesBuildPhase section */
		75687F801E20FAA300453CFE /* Sources */ = {
			isa = PBXSourcesBuildPhase;
			buildActionMask = 2147483647;
			files = (
				755054971E2A25F300F17E32 /* PhotoDetailsViewController.swift in Sources */,
				75687F881E20FAA300453CFE /* AppDelegate.swift in Sources */,
				75687F9C1E21003000453CFE /* PhotoCell.swift in Sources */,
				75687F9A1E20FC7900453CFE /* PhotosViewController.swift in Sources */,
			);
			runOnlyForDeploymentPostprocessing = 0;
		};
/* End PBXSourcesBuildPhase section */

/* Begin PBXVariantGroup section */
		75687F8B1E20FAA300453CFE /* Main.storyboard */ = {
			isa = PBXVariantGroup;
			children = (
				75687F8C1E20FAA300453CFE /* Base */,
			);
			name = Main.storyboard;
			sourceTree = "<group>";
		};
		75687F901E20FAA300453CFE /* LaunchScreen.storyboard */ = {
			isa = PBXVariantGroup;
			children = (
				75687F911E20FAA300453CFE /* Base */,
			);
			name = LaunchScreen.storyboard;
			sourceTree = "<group>";
		};
/* End PBXVariantGroup section */

/* Begin XCBuildConfiguration section */
		75687F941E20FAA300453CFE /* Debug */ = {
			isa = XCBuildConfiguration;
			buildSettings = {
				ALWAYS_SEARCH_USER_PATHS = NO;
				CLANG_ANALYZER_NONNULL = YES;
				CLANG_CXX_LANGUAGE_STANDARD = "gnu++0x";
				CLANG_CXX_LIBRARY = "libc++";
				CLANG_ENABLE_MODULES = YES;
				CLANG_ENABLE_OBJC_ARC = YES;
				CLANG_WARN_BOOL_CONVERSION = YES;
				CLANG_WARN_CONSTANT_CONVERSION = YES;
				CLANG_WARN_DIRECT_OBJC_ISA_USAGE = YES_ERROR;
				CLANG_WARN_DOCUMENTATION_COMMENTS = YES;
				CLANG_WARN_EMPTY_BODY = YES;
				CLANG_WARN_ENUM_CONVERSION = YES;
				CLANG_WARN_INFINITE_RECURSION = YES;
				CLANG_WARN_INT_CONVERSION = YES;
				CLANG_WARN_OBJC_ROOT_CLASS = YES_ERROR;
				CLANG_WARN_SUSPICIOUS_MOVE = YES;
				CLANG_WARN_UNREACHABLE_CODE = YES;
				CLANG_WARN__DUPLICATE_METHOD_MATCH = YES;
				"CODE_SIGN_IDENTITY[sdk=iphoneos*]" = "iPhone Developer";
				COPY_PHASE_STRIP = NO;
				DEBUG_INFORMATION_FORMAT = dwarf;
				ENABLE_STRICT_OBJC_MSGSEND = YES;
				ENABLE_TESTABILITY = YES;
				GCC_C_LANGUAGE_STANDARD = gnu99;
				GCC_DYNAMIC_NO_PIC = NO;
				GCC_NO_COMMON_BLOCKS = YES;
				GCC_OPTIMIZATION_LEVEL = 0;
				GCC_PREPROCESSOR_DEFINITIONS = (
					"DEBUG=1",
					"$(inherited)",
				);
				GCC_WARN_64_TO_32_BIT_CONVERSION = YES;
				GCC_WARN_ABOUT_RETURN_TYPE = YES_ERROR;
				GCC_WARN_UNDECLARED_SELECTOR = YES;
				GCC_WARN_UNINITIALIZED_AUTOS = YES_AGGRESSIVE;
				GCC_WARN_UNUSED_FUNCTION = YES;
				GCC_WARN_UNUSED_VARIABLE = YES;
				IPHONEOS_DEPLOYMENT_TARGET = 10.2;
				MTL_ENABLE_DEBUG_INFO = YES;
				ONLY_ACTIVE_ARCH = YES;
				SDKROOT = iphoneos;
				SWIFT_ACTIVE_COMPILATION_CONDITIONS = DEBUG;
				SWIFT_OPTIMIZATION_LEVEL = "-Onone";
				TARGETED_DEVICE_FAMILY = "1,2";
			};
			name = Debug;
		};
		75687F951E20FAA300453CFE /* Release */ = {
			isa = XCBuildConfiguration;
			buildSettings = {
				ALWAYS_SEARCH_USER_PATHS = NO;
				CLANG_ANALYZER_NONNULL = YES;
				CLANG_CXX_LANGUAGE_STANDARD = "gnu++0x";
				CLANG_CXX_LIBRARY = "libc++";
				CLANG_ENABLE_MODULES = YES;
				CLANG_ENABLE_OBJC_ARC = YES;
				CLANG_WARN_BOOL_CONVERSION = YES;
				CLANG_WARN_CONSTANT_CONVERSION = YES;
				CLANG_WARN_DIRECT_OBJC_ISA_USAGE = YES_ERROR;
				CLANG_WARN_DOCUMENTATION_COMMENTS = YES;
				CLANG_WARN_EMPTY_BODY = YES;
				CLANG_WARN_ENUM_CONVERSION = YES;
				CLANG_WARN_INFINITE_RECURSION = YES;
				CLANG_WARN_INT_CONVERSION = YES;
				CLANG_WARN_OBJC_ROOT_CLASS = YES_ERROR;
				CLANG_WARN_SUSPICIOUS_MOVE = YES;
				CLANG_WARN_UNREACHABLE_CODE = YES;
				CLANG_WARN__DUPLICATE_METHOD_MATCH = YES;
				"CODE_SIGN_IDENTITY[sdk=iphoneos*]" = "iPhone Developer";
				COPY_PHASE_STRIP = NO;
				DEBUG_INFORMATION_FORMAT = "dwarf-with-dsym";
				ENABLE_NS_ASSERTIONS = NO;
				ENABLE_STRICT_OBJC_MSGSEND = YES;
				GCC_C_LANGUAGE_STANDARD = gnu99;
				GCC_NO_COMMON_BLOCKS = YES;
				GCC_WARN_64_TO_32_BIT_CONVERSION = YES;
				GCC_WARN_ABOUT_RETURN_TYPE = YES_ERROR;
				GCC_WARN_UNDECLARED_SELECTOR = YES;
				GCC_WARN_UNINITIALIZED_AUTOS = YES_AGGRESSIVE;
				GCC_WARN_UNUSED_FUNCTION = YES;
				GCC_WARN_UNUSED_VARIABLE = YES;
				IPHONEOS_DEPLOYMENT_TARGET = 10.2;
				MTL_ENABLE_DEBUG_INFO = NO;
				SDKROOT = iphoneos;
				SWIFT_OPTIMIZATION_LEVEL = "-Owholemodule";
				TARGETED_DEVICE_FAMILY = "1,2";
				VALIDATE_PRODUCT = YES;
			};
			name = Release;
		};
		75687F971E20FAA300453CFE /* Debug */ = {
			isa = XCBuildConfiguration;
			baseConfigurationReference = B9D855CC45C79B716EB7868C /* Pods-Tumblr.debug.xcconfig */;
			buildSettings = {
				ASSETCATALOG_COMPILER_APPICON_NAME = AppIcon;
				INFOPLIST_FILE = Tumblr/Info.plist;
				LD_RUNPATH_SEARCH_PATHS = "$(inherited) @executable_path/Frameworks";
				PRODUCT_BUNDLE_IDENTIFIER = com.richard.Tumblr;
				PRODUCT_NAME = "$(TARGET_NAME)";
				SWIFT_VERSION = 3.0;
			};
			name = Debug;
		};
		75687F981E20FAA300453CFE /* Release */ = {
			isa = XCBuildConfiguration;
			baseConfigurationReference = C3B6DC2461D7BD53425C46D2 /* Pods-Tumblr.release.xcconfig */;
			buildSettings = {
				ASSETCATALOG_COMPILER_APPICON_NAME = AppIcon;
				INFOPLIST_FILE = Tumblr/Info.plist;
				LD_RUNPATH_SEARCH_PATHS = "$(inherited) @executable_path/Frameworks";
				PRODUCT_BUNDLE_IDENTIFIER = com.richard.Tumblr;
				PRODUCT_NAME = "$(TARGET_NAME)";
				SWIFT_VERSION = 3.0;
			};
			name = Release;
		};
/* End XCBuildConfiguration section */

/* Begin XCConfigurationList section */
		75687F7F1E20FAA300453CFE /* Build configuration list for PBXProject "Tumblr" */ = {
			isa = XCConfigurationList;
			buildConfigurations = (
				75687F941E20FAA300453CFE /* Debug */,
				75687F951E20FAA300453CFE /* Release */,
			);
			defaultConfigurationIsVisible = 0;
			defaultConfigurationName = Release;
		};
		75687F961E20FAA300453CFE /* Build configuration list for PBXNativeTarget "Tumblr" */ = {
			isa = XCConfigurationList;
			buildConfigurations = (
				75687F971E20FAA300453CFE /* Debug */,
				75687F981E20FAA300453CFE /* Release */,
			);
			defaultConfigurationIsVisible = 0;
			defaultConfigurationName = Release;
		};
/* End XCConfigurationList section */
	};
	rootObject = 75687F7C1E20FAA300453CFE /* Project object */;
}
